// !$*UTF8*$!
{
	archiveVersion = 1;
	classes = {
	};
	objectVersion = 46;
	objects = {

/* Begin PBXBuildFile section */
		931B41271DE0AB780031E463 /* AppDelegate.swift in Sources */ = {isa = PBXBuildFile; fileRef = 931B41261DE0AB780031E463 /* AppDelegate.swift */; };
		931B41291DE0AB780031E463 /* ViewController.swift in Sources */ = {isa = PBXBuildFile; fileRef = 931B41281DE0AB780031E463 /* ViewController.swift */; };
		931B412C1DE0AB780031E463 /* Main.storyboard in Resources */ = {isa = PBXBuildFile; fileRef = 931B412A1DE0AB780031E463 /* Main.storyboard */; };
		931B412E1DE0AB780031E463 /* Assets.xcassets in Resources */ = {isa = PBXBuildFile; fileRef = 931B412D1DE0AB780031E463 /* Assets.xcassets */; };
		931B41311DE0AB780031E463 /* LaunchScreen.storyboard in Resources */ = {isa = PBXBuildFile; fileRef = 931B412F1DE0AB780031E463 /* LaunchScreen.storyboard */; };
		931B413C1DE0AB780031E463 /* PenaltyBoxTests.swift in Sources */ = {isa = PBXBuildFile; fileRef = 931B413B1DE0AB780031E463 /* PenaltyBoxTests.swift */; };
		931B41471DE0AB780031E463 /* PenaltyBoxUITests.swift in Sources */ = {isa = PBXBuildFile; fileRef = 931B41461DE0AB780031E463 /* PenaltyBoxUITests.swift */; };
/* End PBXBuildFile section */

/* Begin PBXContainerItemProxy section */
		931B41381DE0AB780031E463 /* PBXContainerItemProxy */ = {
			isa = PBXContainerItemProxy;
			containerPortal = 931B411B1DE0AB770031E463 /* Project object */;
			proxyType = 1;
			remoteGlobalIDString = 931B41221DE0AB770031E463;
			remoteInfo = PenaltyBox;
		};
		931B41431DE0AB780031E463 /* PBXContainerItemProxy */ = {
			isa = PBXContainerItemProxy;
			containerPortal = 931B411B1DE0AB770031E463 /* Project object */;
			proxyType = 1;
			remoteGlobalIDString = 931B41221DE0AB770031E463;
			remoteInfo = PenaltyBox;
		};
/* End PBXContainerItemProxy section */

/* Begin PBXFileReference section */
		931B41231DE0AB780031E463 /* PenaltyBox.app */ = {isa = PBXFileReference; explicitFileType = wrapper.application; includeInIndex = 0; path = PenaltyBox.app; sourceTree = BUILT_PRODUCTS_DIR; };
		931B41261DE0AB780031E463 /* AppDelegate.swift */ = {isa = PBXFileReference; lastKnownFileType = sourcecode.swift; path = AppDelegate.swift; sourceTree = "<group>"; };
		931B41281DE0AB780031E463 /* ViewController.swift */ = {isa = PBXFileReference; lastKnownFileType = sourcecode.swift; path = ViewController.swift; sourceTree = "<group>"; };
		931B412B1DE0AB780031E463 /* Base */ = {isa = PBXFileReference; lastKnownFileType = file.storyboard; name = Base; path = Base.lproj/Main.storyboard; sourceTree = "<group>"; };
		931B412D1DE0AB780031E463 /* Assets.xcassets */ = {isa = PBXFileReference; lastKnownFileType = folder.assetcatalog; path = Assets.xcassets; sourceTree = "<group>"; };
		931B41301DE0AB780031E463 /* Base */ = {isa = PBXFileReference; lastKnownFileType = file.storyboard; name = Base; path = Base.lproj/LaunchScreen.storyboard; sourceTree = "<group>"; };
		931B41321DE0AB780031E463 /* Info.plist */ = {isa = PBXFileReference; lastKnownFileType = text.plist.xml; path = Info.plist; sourceTree = "<group>"; };
		931B41371DE0AB780031E463 /* PenaltyBoxTests.xctest */ = {isa = PBXFileReference; explicitFileType = wrapper.cfbundle; includeInIndex = 0; path = PenaltyBoxTests.xctest; sourceTree = BUILT_PRODUCTS_DIR; };
		931B413B1DE0AB780031E463 /* PenaltyBoxTests.swift */ = {isa = PBXFileReference; lastKnownFileType = sourcecode.swift; path = PenaltyBoxTests.swift; sourceTree = "<group>"; };
		931B413D1DE0AB780031E463 /* Info.plist */ = {isa = PBXFileReference; lastKnownFileType = text.plist.xml; path = Info.plist; sourceTree = "<group>"; };
		931B41421DE0AB780031E463 /* PenaltyBoxUITests.xctest */ = {isa = PBXFileReference; explicitFileType = wrapper.cfbundle; includeInIndex = 0; path = PenaltyBoxUITests.xctest; sourceTree = BUILT_PRODUCTS_DIR; };
		931B41461DE0AB780031E463 /* PenaltyBoxUITests.swift */ = {isa = PBXFileReference; lastKnownFileType = sourcecode.swift; path = PenaltyBoxUITests.swift; sourceTree = "<group>"; };
		931B41481DE0AB780031E463 /* Info.plist */ = {isa = PBXFileReference; lastKnownFileType = text.plist.xml; path = Info.plist; sourceTree = "<group>"; };
/* End PBXFileReference section */

/* Begin PBXFrameworksBuildPhase section */
		931B41201DE0AB770031E463 /* Frameworks */ = {
			isa = PBXFrameworksBuildPhase;
			buildActionMask = 2147483647;
			files = (
			);
			runOnlyForDeploymentPostprocessing = 0;
		};
		931B41341DE0AB780031E463 /* Frameworks */ = {
			isa = PBXFrameworksBuildPhase;
			buildActionMask = 2147483647;
			files = (
			);
			runOnlyForDeploymentPostprocessing = 0;
		};
		931B413F1DE0AB780031E463 /* Frameworks */ = {
			isa = PBXFrameworksBuildPhase;
			buildActionMask = 2147483647;
			files = (
			);
			runOnlyForDeploymentPostprocessing = 0;
		};
/* End PBXFrameworksBuildPhase section */

/* Begin PBXGroup section */
		931B411A1DE0AB770031E463 = {
			isa = PBXGroup;
			children = (
				931B41251DE0AB780031E463 /* PenaltyBox */,
				931B413A1DE0AB780031E463 /* PenaltyBoxTests */,
				931B41451DE0AB780031E463 /* PenaltyBoxUITests */,
				931B41241DE0AB780031E463 /* Products */,
			);
			sourceTree = "<group>";
		};
		931B41241DE0AB780031E463 /* Products */ = {
			isa = PBXGroup;
			children = (
				931B41231DE0AB780031E463 /* PenaltyBox.app */,
				931B41371DE0AB780031E463 /* PenaltyBoxTests.xctest */,
				931B41421DE0AB780031E463 /* PenaltyBoxUITests.xctest */,
			);
			name = Products;
			sourceTree = "<group>";
		};
		931B41251DE0AB780031E463 /* PenaltyBox */ = {
			isa = PBXGroup;
			children = (
				931B41261DE0AB780031E463 /* AppDelegate.swift */,
				931B41281DE0AB780031E463 /* ViewController.swift */,
				931B412A1DE0AB780031E463 /* Main.storyboard */,
				931B412D1DE0AB780031E463 /* Assets.xcassets */,
				931B412F1DE0AB780031E463 /* LaunchScreen.storyboard */,
				931B41321DE0AB780031E463 /* Info.plist */,
			);
			path = PenaltyBox;
			sourceTree = "<group>";
		};
		931B413A1DE0AB780031E463 /* PenaltyBoxTests */ = {
			isa = PBXGroup;
			children = (
				931B413B1DE0AB780031E463 /* PenaltyBoxTests.swift */,
				931B413D1DE0AB780031E463 /* Info.plist */,
			);
			path = PenaltyBoxTests;
			sourceTree = "<group>";
		};
		931B41451DE0AB780031E463 /* PenaltyBoxUITests */ = {
			isa = PBXGroup;
			children = (
				931B41461DE0AB780031E463 /* PenaltyBoxUITests.swift */,
				931B41481DE0AB780031E463 /* Info.plist */,
			);
			path = PenaltyBoxUITests;
			sourceTree = "<group>";
		};
/* End PBXGroup section */

/* Begin PBXNativeTarget section */
		931B41221DE0AB770031E463 /* PenaltyBox */ = {
			isa = PBXNativeTarget;
			buildConfigurationList = 931B414B1DE0AB780031E463 /* Build configuration list for PBXNativeTarget "PenaltyBox" */;
			buildPhases = (
				931B411F1DE0AB770031E463 /* Sources */,
				931B41201DE0AB770031E463 /* Frameworks */,
				931B41211DE0AB770031E463 /* Resources */,
			);
			buildRules = (
			);
			dependencies = (
			);
			name = PenaltyBox;
			productName = PenaltyBox;
			productReference = 931B41231DE0AB780031E463 /* PenaltyBox.app */;
			productType = "com.apple.product-type.application";
		};
		931B41361DE0AB780031E463 /* PenaltyBoxTests */ = {
			isa = PBXNativeTarget;
			buildConfigurationList = 931B414E1DE0AB780031E463 /* Build configuration list for PBXNativeTarget "PenaltyBoxTests" */;
			buildPhases = (
				931B41331DE0AB780031E463 /* Sources */,
				931B41341DE0AB780031E463 /* Frameworks */,
				931B41351DE0AB780031E463 /* Resources */,
			);
			buildRules = (
			);
			dependencies = (
				931B41391DE0AB780031E463 /* PBXTargetDependency */,
			);
			name = PenaltyBoxTests;
			productName = PenaltyBoxTests;
			productReference = 931B41371DE0AB780031E463 /* PenaltyBoxTests.xctest */;
			productType = "com.apple.product-type.bundle.unit-test";
		};
		931B41411DE0AB780031E463 /* PenaltyBoxUITests */ = {
			isa = PBXNativeTarget;
			buildConfigurationList = 931B41511DE0AB780031E463 /* Build configuration list for PBXNativeTarget "PenaltyBoxUITests" */;
			buildPhases = (
				931B413E1DE0AB780031E463 /* Sources */,
				931B413F1DE0AB780031E463 /* Frameworks */,
				931B41401DE0AB780031E463 /* Resources */,
			);
			buildRules = (
			);
			dependencies = (
				931B41441DE0AB780031E463 /* PBXTargetDependency */,
			);
			name = PenaltyBoxUITests;
			productName = PenaltyBoxUITests;
			productReference = 931B41421DE0AB780031E463 /* PenaltyBoxUITests.xctest */;
			productType = "com.apple.product-type.bundle.ui-testing";
		};
/* End PBXNativeTarget section */

/* Begin PBXProject section */
		931B411B1DE0AB770031E463 /* Project object */ = {
			isa = PBXProject;
			attributes = {
				LastSwiftUpdateCheck = 0810;
				LastUpgradeCheck = 0810;
				ORGANIZATIONNAME = "Aaron Kovacs";
				TargetAttributes = {
					931B41221DE0AB770031E463 = {
						CreatedOnToolsVersion = 8.1;
						DevelopmentTeam = WK47J239P7;
						ProvisioningStyle = Automatic;
					};
					931B41361DE0AB780031E463 = {
						CreatedOnToolsVersion = 8.1;
						DevelopmentTeam = WK47J239P7;
						ProvisioningStyle = Automatic;
						TestTargetID = 931B41221DE0AB770031E463;
					};
					931B41411DE0AB780031E463 = {
						CreatedOnToolsVersion = 8.1;
						DevelopmentTeam = WK47J239P7;
						ProvisioningStyle = Automatic;
						TestTargetID = 931B41221DE0AB770031E463;
					};
				};
			};
			buildConfigurationList = 931B411E1DE0AB770031E463 /* Build configuration list for PBXProject "PenaltyBox" */;
			compatibilityVersion = "Xcode 3.2";
			developmentRegion = English;
			hasScannedForEncodings = 0;
			knownRegions = (
				en,
				Base,
			);
			mainGroup = 931B411A1DE0AB770031E463;
			productRefGroup = 931B41241DE0AB780031E463 /* Products */;
			projectDirPath = "";
			projectRoot = "";
			targets = (
				931B41221DE0AB770031E463 /* PenaltyBox */,
				931B41361DE0AB780031E463 /* PenaltyBoxTests */,
				931B41411DE0AB780031E463 /* PenaltyBoxUITests */,
			);
		};
/* End PBXProject section */

/* Begin PBXResourcesBuildPhase section */
		931B41211DE0AB770031E463 /* Resources */ = {
			isa = PBXResourcesBuildPhase;
			buildActionMask = 2147483647;
			files = (
				931B41311DE0AB780031E463 /* LaunchScreen.storyboard in Resources */,
				931B412E1DE0AB780031E463 /* Assets.xcassets in Resources */,
				931B412C1DE0AB780031E463 /* Main.storyboard in Resources */,
			);
			runOnlyForDeploymentPostprocessing = 0;
		};
		931B41351DE0AB780031E463 /* Resources */ = {
			isa = PBXResourcesBuildPhase;
			buildActionMask = 2147483647;
			files = (
			);
			runOnlyForDeploymentPostprocessing = 0;
		};
		931B41401DE0AB780031E463 /* Resources */ = {
			isa = PBXResourcesBuildPhase;
			buildActionMask = 2147483647;
			files = (
			);
			runOnlyForDeploymentPostprocessing = 0;
		};
/* End PBXResourcesBuildPhase section */

/* Begin PBXSourcesBuildPhase section */
		931B411F1DE0AB770031E463 /* Sources */ = {
			isa = PBXSourcesBuildPhase;
			buildActionMask = 2147483647;
			files = (
				931B41291DE0AB780031E463 /* ViewController.swift in Sources */,
				931B41271DE0AB780031E463 /* AppDelegate.swift in Sources */,
			);
			runOnlyForDeploymentPostprocessing = 0;
		};
		931B41331DE0AB780031E463 /* Sources */ = {
			isa = PBXSourcesBuildPhase;
			buildActionMask = 2147483647;
			files = (
				931B413C1DE0AB780031E463 /* PenaltyBoxTests.swift in Sources */,
			);
			runOnlyForDeploymentPostprocessing = 0;
		};
		931B413E1DE0AB780031E463 /* Sources */ = {
			isa = PBXSourcesBuildPhase;
			buildActionMask = 2147483647;
			files = (
				931B41471DE0AB780031E463 /* PenaltyBoxUITests.swift in Sources */,
			);
			runOnlyForDeploymentPostprocessing = 0;
		};
/* End PBXSourcesBuildPhase section */

/* Begin PBXTargetDependency section */
		931B41391DE0AB780031E463 /* PBXTargetDependency */ = {
			isa = PBXTargetDependency;
			target = 931B41221DE0AB770031E463 /* PenaltyBox */;
			targetProxy = 931B41381DE0AB780031E463 /* PBXContainerItemProxy */;
		};
		931B41441DE0AB780031E463 /* PBXTargetDependency */ = {
			isa = PBXTargetDependency;
			target = 931B41221DE0AB770031E463 /* PenaltyBox */;
			targetProxy = 931B41431DE0AB780031E463 /* PBXContainerItemProxy */;
		};
/* End PBXTargetDependency section */

/* Begin PBXVariantGroup section */
		931B412A1DE0AB780031E463 /* Main.storyboard */ = {
			isa = PBXVariantGroup;
			children = (
				931B412B1DE0AB780031E463 /* Base */,
			);
			name = Main.storyboard;
			sourceTree = "<group>";
		};
		931B412F1DE0AB780031E463 /* LaunchScreen.storyboard */ = {
			isa = PBXVariantGroup;
			children = (
				931B41301DE0AB780031E463 /* Base */,
			);
			name = LaunchScreen.storyboard;
			sourceTree = "<group>";
		};
/* End PBXVariantGroup section */

/* Begin XCBuildConfiguration section */
		931B41491DE0AB780031E463 /* Debug */ = {
			isa = XCBuildConfiguration;
			buildSettings = {
				ALWAYS_SEARCH_USER_PATHS = NO;
				CLANG_ANALYZER_NONNULL = YES;
				CLANG_CXX_LANGUAGE_STANDARD = "gnu++0x";
				CLANG_CXX_LIBRARY = "libc++";
				CLANG_ENABLE_MODULES = YES;
				CLANG_ENABLE_OBJC_ARC = YES;
				CLANG_WARN_BOOL_CONVERSION = YES;
				CLANG_WARN_CONSTANT_CONVERSION = YES;
				CLANG_WARN_DIRECT_OBJC_ISA_USAGE = YES_ERROR;
				CLANG_WARN_DOCUMENTATION_COMMENTS = YES;
				CLANG_WARN_EMPTY_BODY = YES;
				CLANG_WARN_ENUM_CONVERSION = YES;
				CLANG_WARN_INFINITE_RECURSION = YES;
				CLANG_WARN_INT_CONVERSION = YES;
				CLANG_WARN_OBJC_ROOT_CLASS = YES_ERROR;
				CLANG_WARN_SUSPICIOUS_MOVES = YES;
				CLANG_WARN_UNREACHABLE_CODE = YES;
				CLANG_WARN__DUPLICATE_METHOD_MATCH = YES;
				"CODE_SIGN_IDENTITY[sdk=iphoneos*]" = "iPhone Developer";
				COPY_PHASE_STRIP = NO;
				DEBUG_INFORMATION_FORMAT = dwarf;
				ENABLE_STRICT_OBJC_MSGSEND = YES;
				ENABLE_TESTABILITY = YES;
				GCC_C_LANGUAGE_STANDARD = gnu99;
				GCC_DYNAMIC_NO_PIC = NO;
				GCC_NO_COMMON_BLOCKS = YES;
				GCC_OPTIMIZATION_LEVEL = 0;
				GCC_PREPROCESSOR_DEFINITIONS = (
					"DEBUG=1",
					"$(inherited)",
				);
				GCC_WARN_64_TO_32_BIT_CONVERSION = YES;
				GCC_WARN_ABOUT_RETURN_TYPE = YES_ERROR;
				GCC_WARN_UNDECLARED_SELECTOR = YES;
				GCC_WARN_UNINITIALIZED_AUTOS = YES_AGGRESSIVE;
				GCC_WARN_UNUSED_FUNCTION = YES;
				GCC_WARN_UNUSED_VARIABLE = YES;
				IPHONEOS_DEPLOYMENT_TARGET = 10.1;
				MTL_ENABLE_DEBUG_INFO = YES;
				ONLY_ACTIVE_ARCH = YES;
				SDKROOT = iphoneos;
				SWIFT_ACTIVE_COMPILATION_CONDITIONS = DEBUG;
				SWIFT_OPTIMIZATION_LEVEL = "-Onone";
				TARGETED_DEVICE_FAMILY = "1,2";
			};
			name = Debug;
		};
		931B414A1DE0AB780031E463 /* Release */ = {
			isa = XCBuildConfiguration;
			buildSettings = {
				ALWAYS_SEARCH_USER_PATHS = NO;
				CLANG_ANALYZER_NONNULL = YES;
				CLANG_CXX_LANGUAGE_STANDARD = "gnu++0x";
				CLANG_CXX_LIBRARY = "libc++";
				CLANG_ENABLE_MODULES = YES;
				CLANG_ENABLE_OBJC_ARC = YES;
				CLANG_WARN_BOOL_CONVERSION = YES;
				CLANG_WARN_CONSTANT_CONVERSION = YES;
				CLANG_WARN_DIRECT_OBJC_ISA_USAGE = YES_ERROR;
				CLANG_WARN_DOCUMENTATION_COMMENTS = YES;
				CLANG_WARN_EMPTY_BODY = YES;
				CLANG_WARN_ENUM_CONVERSION = YES;
				CLANG_WARN_INFINITE_RECURSION = YES;
				CLANG_WARN_INT_CONVERSION = YES;
				CLANG_WARN_OBJC_ROOT_CLASS = YES_ERROR;
				CLANG_WARN_SUSPICIOUS_MOVES = YES;
				CLANG_WARN_UNREACHABLE_CODE = YES;
				CLANG_WARN__DUPLICATE_METHOD_MATCH = YES;
				"CODE_SIGN_IDENTITY[sdk=iphoneos*]" = "iPhone Developer";
				COPY_PHASE_STRIP = NO;
				DEBUG_INFORMATION_FORMAT = "dwarf-with-dsym";
				ENABLE_NS_ASSERTIONS = NO;
				ENABLE_STRICT_OBJC_MSGSEND = YES;
				GCC_C_LANGUAGE_STANDARD = gnu99;
				GCC_NO_COMMON_BLOCKS = YES;
				GCC_WARN_64_TO_32_BIT_CONVERSION = YES;
				GCC_WARN_ABOUT_RETURN_TYPE = YES_ERROR;
				GCC_WARN_UNDECLARED_SELECTOR = YES;
				GCC_WARN_UNINITIALIZED_AUTOS = YES_AGGRESSIVE;
				GCC_WARN_UNUSED_FUNCTION = YES;
				GCC_WARN_UNUSED_VARIABLE = YES;
				IPHONEOS_DEPLOYMENT_TARGET = 10.1;
				MTL_ENABLE_DEBUG_INFO = NO;
				SDKROOT = iphoneos;
				SWIFT_OPTIMIZATION_LEVEL = "-Owholemodule";
				TARGETED_DEVICE_FAMILY = "1,2";
				VALIDATE_PRODUCT = YES;
			};
			name = Release;
		};
		931B414C1DE0AB780031E463 /* Debug */ = {
			isa = XCBuildConfiguration;
			buildSettings = {
				ASSETCATALOG_COMPILER_APPICON_NAME = AppIcon;
				DEVELOPMENT_TEAM = WK47J239P7;
				INFOPLIST_FILE = PenaltyBox/Info.plist;
				LD_RUNPATH_SEARCH_PATHS = "$(inherited) @executable_path/Frameworks";
				PRODUCT_BUNDLE_IDENTIFIER = com.AaronKovacs.PenaltyBox;
				PRODUCT_NAME = "$(TARGET_NAME)";
				SWIFT_VERSION = 3.0;
			};
			name = Debug;
		};
		931B414D1DE0AB780031E463 /* Release */ = {
			isa = XCBuildConfiguration;
			buildSettings = {
				ASSETCATALOG_COMPILER_APPICON_NAME = AppIcon;
				DEVELOPMENT_TEAM = WK47J239P7;
				INFOPLIST_FILE = PenaltyBox/Info.plist;
				LD_RUNPATH_SEARCH_PATHS = "$(inherited) @executable_path/Frameworks";
				PRODUCT_BUNDLE_IDENTIFIER = com.AaronKovacs.PenaltyBox;
				PRODUCT_NAME = "$(TARGET_NAME)";
				SWIFT_VERSION = 3.0;
			};
			name = Release;
		};
		931B414F1DE0AB780031E463 /* Debug */ = {
			isa = XCBuildConfiguration;
			buildSettings = {
				ALWAYS_EMBED_SWIFT_STANDARD_LIBRARIES = YES;
				BUNDLE_LOADER = "$(TEST_HOST)";
				DEVELOPMENT_TEAM = WK47J239P7;
				INFOPLIST_FILE = PenaltyBoxTests/Info.plist;
				LD_RUNPATH_SEARCH_PATHS = "$(inherited) @executable_path/Frameworks @loader_path/Frameworks";
				PRODUCT_BUNDLE_IDENTIFIER = com.AaronKovacs.PenaltyBoxTests;
				PRODUCT_NAME = "$(TARGET_NAME)";
				SWIFT_VERSION = 3.0;
				TEST_HOST = "$(BUILT_PRODUCTS_DIR)/PenaltyBox.app/PenaltyBox";
			};
			name = Debug;
		};
		931B41501DE0AB780031E463 /* Release */ = {
			isa = XCBuildConfiguration;
			buildSettings = {
				ALWAYS_EMBED_SWIFT_STANDARD_LIBRARIES = YES;
				BUNDLE_LOADER = "$(TEST_HOST)";
				DEVELOPMENT_TEAM = WK47J239P7;
				INFOPLIST_FILE = PenaltyBoxTests/Info.plist;
				LD_RUNPATH_SEARCH_PATHS = "$(inherited) @executable_path/Frameworks @loader_path/Frameworks";
				PRODUCT_BUNDLE_IDENTIFIER = com.AaronKovacs.PenaltyBoxTests;
				PRODUCT_NAME = "$(TARGET_NAME)";
				SWIFT_VERSION = 3.0;
				TEST_HOST = "$(BUILT_PRODUCTS_DIR)/PenaltyBox.app/PenaltyBox";
			};
			name = Release;
		};
		931B41521DE0AB780031E463 /* Debug */ = {
			isa = XCBuildConfiguration;
			buildSettings = {
				ALWAYS_EMBED_SWIFT_STANDARD_LIBRARIES = YES;
				DEVELOPMENT_TEAM = WK47J239P7;
				INFOPLIST_FILE = PenaltyBoxUITests/Info.plist;
				LD_RUNPATH_SEARCH_PATHS = "$(inherited) @executable_path/Frameworks @loader_path/Frameworks";
				PRODUCT_BUNDLE_IDENTIFIER = com.AaronKovacs.PenaltyBoxUITests;
				PRODUCT_NAME = "$(TARGET_NAME)";
				SWIFT_VERSION = 3.0;
				TEST_TARGET_NAME = PenaltyBox;
			};
			name = Debug;
		};
		931B41531DE0AB780031E463 /* Release */ = {
			isa = XCBuildConfiguration;
			buildSettings = {
				ALWAYS_EMBED_SWIFT_STANDARD_LIBRARIES = YES;
				DEVELOPMENT_TEAM = WK47J239P7;
				INFOPLIST_FILE = PenaltyBoxUITests/Info.plist;
				LD_RUNPATH_SEARCH_PATHS = "$(inherited) @executable_path/Frameworks @loader_path/Frameworks";
				PRODUCT_BUNDLE_IDENTIFIER = com.AaronKovacs.PenaltyBoxUITests;
				PRODUCT_NAME = "$(TARGET_NAME)";
				SWIFT_VERSION = 3.0;
				TEST_TARGET_NAME = PenaltyBox;
			};
			name = Release;
		};
/* End XCBuildConfiguration section */

/* Begin XCConfigurationList section */
		931B411E1DE0AB770031E463 /* Build configuration list for PBXProject "PenaltyBox" */ = {
			isa = XCConfigurationList;
			buildConfigurations = (
				931B41491DE0AB780031E463 /* Debug */,
				931B414A1DE0AB780031E463 /* Release */,
			);
			defaultConfigurationIsVisible = 0;
			defaultConfigurationName = Release;
		};
		931B414B1DE0AB780031E463 /* Build configuration list for PBXNativeTarget "PenaltyBox" */ = {
			isa = XCConfigurationList;
			buildConfigurations = (
				931B414C1DE0AB780031E463 /* Debug */,
				931B414D1DE0AB780031E463 /* Release */,
			);
			defaultConfigurationIsVisible = 0;
		};
		931B414E1DE0AB780031E463 /* Build configuration list for PBXNativeTarget "PenaltyBoxTests" */ = {
			isa = XCConfigurationList;
			buildConfigurations = (
				931B414F1DE0AB780031E463 /* Debug */,
				931B41501DE0AB780031E463 /* Release */,
			);
			defaultConfigurationIsVisible = 0;
		};
		931B41511DE0AB780031E463 /* Build configuration list for PBXNativeTarget "PenaltyBoxUITests" */ = {
			isa = XCConfigurationList;
			buildConfigurations = (
				931B41521DE0AB780031E463 /* Debug */,
				931B41531DE0AB780031E463 /* Release */,
			);
			defaultConfigurationIsVisible = 0;
		};
/* End XCConfigurationList section */
	};
	rootObject = 931B411B1DE0AB770031E463 /* Project object */;
}
